
Microsoft Visual Studio Solution File, Format Version 12.00
# Visual Studio Version 17
VisualStudioVersion = 17.6.33815.320
MinimumVisualStudioVersion = 10.0.40219.1
Project("{9A19103F-16F7-4668-BE54-9A1E7A4F7556}") = "Entities", "Entities\Entities.csproj", "{720CC77B-69F1-4D4C-99F5-149A3C15EF60}"
EndProject
Project("{9A19103F-16F7-4668-BE54-9A1E7A4F7556}") = "DataAccess", "DataAccess\DataAccess.csproj", "{412C4547-5C88-472E-AA2F-4868C9BB892B}"
EndProject
Project("{9A19103F-16F7-4668-BE54-9A1E7A4F7556}") = "Business", "Business\Business.csproj", "{3F5FDF21-AF9A-490D-8EFB-4AE95B971734}"
EndProject
Project("{9A19103F-16F7-4668-BE54-9A1E7A4F7556}") = "ConsolUI", "ConsolUI\ConsolUI.csproj", "{20B34D02-0AD4-4A33-BA94-351FC3D014E8}"
EndProject
Project("{FAE04EC0-301F-11D3-BF4B-00C04F79EFBC}") = "Core", "Core\Core.csproj", "{A9120843-422B-402A-9117-D18B6AE6BFE1}"
EndProject
Global
	GlobalSection(SolutionConfigurationPlatforms) = preSolution
		Debug|Any CPU = Debug|Any CPU
		Release|Any CPU = Release|Any CPU
	EndGlobalSection
	GlobalSection(ProjectConfigurationPlatforms) = postSolution
		{720CC77B-69F1-4D4C-99F5-149A3C15EF60}.Debug|Any CPU.ActiveCfg = Debug|Any CPU
		{720CC77B-69F1-4D4C-99F5-149A3C15EF60}.Debug|Any CPU.Build.0 = Debug|Any CPU
		{720CC77B-69F1-4D4C-99F5-149A3C15EF60}.Release|Any CPU.ActiveCfg = Release|Any CPU
		{720CC77B-69F1-4D4C-99F5-149A3C15EF60}.Release|Any CPU.Build.0 = Release|Any CPU
		{412C4547-5C88-472E-AA2F-4868C9BB892B}.Debug|Any CPU.ActiveCfg = Debug|Any CPU
		{412C4547-5C88-472E-AA2F-4868C9BB892B}.Debug|Any CPU.Build.0 = Debug|Any CPU
		{412C4547-5C88-472E-AA2F-4868C9BB892B}.Release|Any CPU.ActiveCfg = Release|Any CPU
		{412C4547-5C88-472E-AA2F-4868C9BB892B}.Release|Any CPU.Build.0 = Release|Any CPU
		{3F5FDF21-AF9A-490D-8EFB-4AE95B971734}.Debug|Any CPU.ActiveCfg = Debug|Any CPU
		{3F5FDF21-AF9A-490D-8EFB-4AE95B971734}.Debug|Any CPU.Build.0 = Debug|Any CPU
		{3F5FDF21-AF9A-490D-8EFB-4AE95B971734}.Release|Any CPU.ActiveCfg = Release|Any CPU
		{3F5FDF21-AF9A-490D-8EFB-4AE95B971734}.Release|Any CPU.Build.0 = Release|Any CPU
		{20B34D02-0AD4-4A33-BA94-351FC3D014E8}.Debug|Any CPU.ActiveCfg = Debug|Any CPU
		{20B34D02-0AD4-4A33-BA94-351FC3D014E8}.Debug|Any CPU.Build.0 = Debug|Any CPU
		{20B34D02-0AD4-4A33-BA94-351FC3D014E8}.Release|Any CPU.ActiveCfg = Release|Any CPU
		{20B34D02-0AD4-4A33-BA94-351FC3D014E8}.Release|Any CPU.Build.0 = Release|Any CPU
		{A9120843-422B-402A-9117-D18B6AE6BFE1}.Debug|Any CPU.ActiveCfg = Debug|Any CPU
		{A9120843-422B-402A-9117-D18B6AE6BFE1}.Debug|Any CPU.Build.0 = Debug|Any CPU
		{A9120843-422B-402A-9117-D18B6AE6BFE1}.Release|Any CPU.ActiveCfg = Release|Any CPU
		{A9120843-422B-402A-9117-D18B6AE6BFE1}.Release|Any CPU.Build.0 = Release|Any CPU
	EndGlobalSection
	GlobalSection(SolutionProperties) = preSolution
		HideSolutionNode = FALSE
	EndGlobalSection
	GlobalSection(ExtensibilityGlobals) = postSolution
		SolutionGuid = {4380BBA0-B1BE-4315-9AE7-234ABD232B59}
	EndGlobalSection
EndGlobal
